
Microsoft Visual Studio Solution File, Format Version 12.00
# Visual Studio Version 17
VisualStudioVersion = 17.1.32228.430
MinimumVisualStudioVersion = 10.0.40219.1
Project("{2150E333-8FDC-42A3-9474-1A3956D46DE8}") = "BuildScripts", "BuildScripts", "{A363B7EE-4768-439C-8FEA-3D03EC1032A3}"
	ProjectSection(SolutionItems) = preProject
		MSBuild\CopyZipFiles.targets = MSBuild\CopyZipFiles.targets
		MSBuild\DependencyVersions.props = MSBuild\DependencyVersions.props
		MSBuild\nuspec.props = MSBuild\nuspec.props
		MSBuild\pack.ps1 = MSBuild\pack.ps1
		MSBuild\version.props = MSBuild\version.props
	EndProjectSection
EndProject
Project("{9A19103F-16F7-4668-BE54-9A1E7A4F7556}") = "TinymceDamPicker", "TinymceDamPicker\TinymceDamPicker.csproj", "{53473738-27B5-4FF0-B9BE-CA48C392CDCB}"
EndProject
Global
	GlobalSection(SolutionConfigurationPlatforms) = preSolution
		Debug|Any CPU = Debug|Any CPU
		Release|Any CPU = Release|Any CPU
	EndGlobalSection
	GlobalSection(ProjectConfigurationPlatforms) = postSolution
		{53473738-27B5-4FF0-B9BE-CA48C392CDCB}.Debug|Any CPU.ActiveCfg = Debug|Any CPU
		{53473738-27B5-4FF0-B9BE-CA48C392CDCB}.Debug|Any CPU.Build.0 = Debug|Any CPU
		{53473738-27B5-4FF0-B9BE-CA48C392CDCB}.Release|Any CPU.ActiveCfg = Release|Any CPU
		{53473738-27B5-4FF0-B9BE-CA48C392CDCB}.Release|Any CPU.Build.0 = Release|Any CPU
	EndGlobalSection
	GlobalSection(SolutionProperties) = preSolution
		HideSolutionNode = FALSE
	EndGlobalSection
	GlobalSection(ExtensibilityGlobals) = postSolution
		SolutionGuid = {14FDD88D-6D5C-4695-9805-9883C5476E63}
	EndGlobalSection
EndGlobal
